
Microsoft Visual Studio Solution File, Format Version 12.00
Project("{FAE04EC0-301F-11D3-BF4B-00C04F79EFBC}") = "BikeApi", "BikeApi\BikeApi.csproj", "{0F0ACC4D-8F9F-4BA0-9E22-4A3A6AF64528}"
EndProject
Global
	GlobalSection(SolutionConfigurationPlatforms) = preSolution
		Debug|Any CPU = Debug|Any CPU
		Release|Any CPU = Release|Any CPU
	EndGlobalSection
	GlobalSection(ProjectConfigurationPlatforms) = postSolution
		{0F0ACC4D-8F9F-4BA0-9E22-4A3A6AF64528}.Debug|Any CPU.ActiveCfg = Debug|Any CPU
		{0F0ACC4D-8F9F-4BA0-9E22-4A3A6AF64528}.Debug|Any CPU.Build.0 = Debug|Any CPU
		{0F0ACC4D-8F9F-4BA0-9E22-4A3A6AF64528}.Release|Any CPU.ActiveCfg = Release|Any CPU
		{0F0ACC4D-8F9F-4BA0-9E22-4A3A6AF64528}.Release|Any CPU.Build.0 = Release|Any CPU
	EndGlobalSection
EndGlobal
